
Microsoft Visual Studio Solution File, Format Version 12.00
# Visual Studio Version 17
VisualStudioVersion = 17.8.34316.72
MinimumVisualStudioVersion = 10.0.40219.1
Project("{FAE04EC0-301F-11D3-BF4B-00C04F79EFBC}") = "UserProvider", "UserProvider\UserProvider.csproj", "{D986FBF5-1E8D-4F54-8677-F02E609253D0}"
EndProject
Project("{FAE04EC0-301F-11D3-BF4B-00C04F79EFBC}") = "Data", "Data\Data.csproj", "{37C7AC84-A540-4334-ACC8-DA31B07C3BE8}"
EndProject
Global
	GlobalSection(SolutionConfigurationPlatforms) = preSolution
		Debug|Any CPU = Debug|Any CPU
		Release|Any CPU = Release|Any CPU
	EndGlobalSection
	GlobalSection(ProjectConfigurationPlatforms) = postSolution
		{D986FBF5-1E8D-4F54-8677-F02E609253D0}.Debug|Any CPU.ActiveCfg = Debug|Any CPU
		{D986FBF5-1E8D-4F54-8677-F02E609253D0}.Debug|Any CPU.Build.0 = Debug|Any CPU
		{D986FBF5-1E8D-4F54-8677-F02E609253D0}.Release|Any CPU.ActiveCfg = Release|Any CPU
		{D986FBF5-1E8D-4F54-8677-F02E609253D0}.Release|Any CPU.Build.0 = Release|Any CPU
		{37C7AC84-A540-4334-ACC8-DA31B07C3BE8}.Debug|Any CPU.ActiveCfg = Debug|Any CPU
		{37C7AC84-A540-4334-ACC8-DA31B07C3BE8}.Debug|Any CPU.Build.0 = Debug|Any CPU
		{37C7AC84-A540-4334-ACC8-DA31B07C3BE8}.Release|Any CPU.ActiveCfg = Release|Any CPU
		{37C7AC84-A540-4334-ACC8-DA31B07C3BE8}.Release|Any CPU.Build.0 = Release|Any CPU
	EndGlobalSection
	GlobalSection(SolutionProperties) = preSolution
		HideSolutionNode = FALSE
	EndGlobalSection
	GlobalSection(ExtensibilityGlobals) = postSolution
		SolutionGuid = {F372ACC5-BFFF-4832-BF97-B445CEA8B2DA}
	EndGlobalSection
EndGlobal
